
Microsoft Visual Studio Solution File, Format Version 12.00
# Visual Studio Version 17
VisualStudioVersion = 17.3.32922.545
MinimumVisualStudioVersion = 10.0.40219.1
Project("{FAE04EC0-301F-11D3-BF4B-00C04F79EFBC}") = "App_NormalDistributions_C", "App_NormalDistributions_C\App_NormalDistributions_C.csproj", "{137F8D26-4AB7-448A-8DEA-01EEBB776CEA}"
EndProject
Global
	GlobalSection(SolutionConfigurationPlatforms) = preSolution
		Debug|Any CPU = Debug|Any CPU
		Release|Any CPU = Release|Any CPU
	EndGlobalSection
	GlobalSection(ProjectConfigurationPlatforms) = postSolution
		{137F8D26-4AB7-448A-8DEA-01EEBB776CEA}.Debug|Any CPU.ActiveCfg = Debug|Any CPU
		{137F8D26-4AB7-448A-8DEA-01EEBB776CEA}.Debug|Any CPU.Build.0 = Debug|Any CPU
		{137F8D26-4AB7-448A-8DEA-01EEBB776CEA}.Release|Any CPU.ActiveCfg = Release|Any CPU
		{137F8D26-4AB7-448A-8DEA-01EEBB776CEA}.Release|Any CPU.Build.0 = Release|Any CPU
	EndGlobalSection
	GlobalSection(SolutionProperties) = preSolution
		HideSolutionNode = FALSE
	EndGlobalSection
	GlobalSection(ExtensibilityGlobals) = postSolution
		SolutionGuid = {460D8DDA-F229-4C72-9D06-6429CDC36BA3}
	EndGlobalSection
EndGlobal
