
Microsoft Visual Studio Solution File, Format Version 12.00
# Visual Studio Version 17
VisualStudioVersion = 17.3.32922.545
MinimumVisualStudioVersion = 10.0.40219.1
Project("{F184B08F-C81C-45F6-A57F-5ABD9991F28F}") = "distribution_normal", "distribution_normal\distribution_normal.vbproj", "{9FAD194C-3312-44AE-9F4F-0D38E9CE00D4}"
EndProject
Global
	GlobalSection(SolutionConfigurationPlatforms) = preSolution
		Debug|Any CPU = Debug|Any CPU
		Release|Any CPU = Release|Any CPU
	EndGlobalSection
	GlobalSection(ProjectConfigurationPlatforms) = postSolution
		{9FAD194C-3312-44AE-9F4F-0D38E9CE00D4}.Debug|Any CPU.ActiveCfg = Debug|Any CPU
		{9FAD194C-3312-44AE-9F4F-0D38E9CE00D4}.Debug|Any CPU.Build.0 = Debug|Any CPU
		{9FAD194C-3312-44AE-9F4F-0D38E9CE00D4}.Release|Any CPU.ActiveCfg = Release|Any CPU
		{9FAD194C-3312-44AE-9F4F-0D38E9CE00D4}.Release|Any CPU.Build.0 = Release|Any CPU
	EndGlobalSection
	GlobalSection(SolutionProperties) = preSolution
		HideSolutionNode = FALSE
	EndGlobalSection
	GlobalSection(ExtensibilityGlobals) = postSolution
		SolutionGuid = {22A5F8DB-9DBE-4C62-B01B-431E3D37BB21}
	EndGlobalSection
EndGlobal
