
Microsoft Visual Studio Solution File, Format Version 12.00
# Visual Studio Version 17
VisualStudioVersion = 17.3.32922.545
MinimumVisualStudioVersion = 10.0.40219.1
Project("{FAE04EC0-301F-11D3-BF4B-00C04F79EFBC}") = "gaussian_probability", "gaussian_probability\gaussian_probability.csproj", "{70F39CCB-9245-4AD8-872A-6F6D4B27C559}"
EndProject
Global
	GlobalSection(SolutionConfigurationPlatforms) = preSolution
		Debug|Any CPU = Debug|Any CPU
		Release|Any CPU = Release|Any CPU
	EndGlobalSection
	GlobalSection(ProjectConfigurationPlatforms) = postSolution
		{70F39CCB-9245-4AD8-872A-6F6D4B27C559}.Debug|Any CPU.ActiveCfg = Debug|Any CPU
		{70F39CCB-9245-4AD8-872A-6F6D4B27C559}.Debug|Any CPU.Build.0 = Debug|Any CPU
		{70F39CCB-9245-4AD8-872A-6F6D4B27C559}.Release|Any CPU.ActiveCfg = Release|Any CPU
		{70F39CCB-9245-4AD8-872A-6F6D4B27C559}.Release|Any CPU.Build.0 = Release|Any CPU
	EndGlobalSection
	GlobalSection(SolutionProperties) = preSolution
		HideSolutionNode = FALSE
	EndGlobalSection
	GlobalSection(ExtensibilityGlobals) = postSolution
		SolutionGuid = {C3A04C38-27DB-4955-9FE5-9EB09332F568}
	EndGlobalSection
EndGlobal
