
Microsoft Visual Studio Solution File, Format Version 12.00
# Visual Studio Version 17
VisualStudioVersion = 17.3.32922.545
MinimumVisualStudioVersion = 10.0.40219.1
Project("{FAE04EC0-301F-11D3-BF4B-00C04F79EFBC}") = "session2", "session2\session2.csproj", "{36C58C4F-0261-4E47-B487-889E4CBBA362}"
EndProject
Global
	GlobalSection(SolutionConfigurationPlatforms) = preSolution
		Debug|Any CPU = Debug|Any CPU
		Release|Any CPU = Release|Any CPU
	EndGlobalSection
	GlobalSection(ProjectConfigurationPlatforms) = postSolution
		{36C58C4F-0261-4E47-B487-889E4CBBA362}.Debug|Any CPU.ActiveCfg = Debug|Any CPU
		{36C58C4F-0261-4E47-B487-889E4CBBA362}.Debug|Any CPU.Build.0 = Debug|Any CPU
		{36C58C4F-0261-4E47-B487-889E4CBBA362}.Release|Any CPU.ActiveCfg = Release|Any CPU
		{36C58C4F-0261-4E47-B487-889E4CBBA362}.Release|Any CPU.Build.0 = Release|Any CPU
	EndGlobalSection
	GlobalSection(SolutionProperties) = preSolution
		HideSolutionNode = FALSE
	EndGlobalSection
	GlobalSection(ExtensibilityGlobals) = postSolution
		SolutionGuid = {BFDAD77B-6693-4CB7-B7E6-B3F0F08FC5AA}
	EndGlobalSection
EndGlobal
